{
    "name": "node-red-project",
    "version": "0.0.1",
    "lockfileVersion": 3,
    "requires": true,
    "packages": {
        "": {
            "name": "node-red-project",
            "version": "0.0.1"
        },
        "node-red-node-twitter": {
            "version": "1.2.0",
            "extraneous": true,
            "license": "Apache-2.0",
            "dependencies": {
                "request": "^2.88.0",
                "twitter-ng": "0.6.2"
            }
        }
    }
}
